
Microsoft Visual Studio Solution File, Format Version 12.00
# Visual Studio Version 17
VisualStudioVersion = 17.8.34316.72
MinimumVisualStudioVersion = 10.0.40219.1
Project("{9A19103F-16F7-4668-BE54-9A1E7A4F7556}") = "LSC.OnlineCourse.Functions", "LSC.OnlineCourse.Functions.csproj", "{CF4EA406-05E8-45A2-B7A8-CA5E5D083167}"
EndProject
Global
	GlobalSection(SolutionConfigurationPlatforms) = preSolution
		Debug|Any CPU = Debug|Any CPU
		Release|Any CPU = Release|Any CPU
	EndGlobalSection
	GlobalSection(ProjectConfigurationPlatforms) = postSolution
		{CF4EA406-05E8-45A2-B7A8-CA5E5D083167}.Debug|Any CPU.ActiveCfg = Debug|Any CPU
		{CF4EA406-05E8-45A2-B7A8-CA5E5D083167}.Debug|Any CPU.Build.0 = Debug|Any CPU
		{CF4EA406-05E8-45A2-B7A8-CA5E5D083167}.Release|Any CPU.ActiveCfg = Release|Any CPU
		{CF4EA406-05E8-45A2-B7A8-CA5E5D083167}.Release|Any CPU.Build.0 = Release|Any CPU
	EndGlobalSection
	GlobalSection(SolutionProperties) = preSolution
		HideSolutionNode = FALSE
	EndGlobalSection
	GlobalSection(ExtensibilityGlobals) = postSolution
		SolutionGuid = {9C0B01C3-A96C-4EA8-A7B1-EBF2291D2AC1}
	EndGlobalSection
EndGlobal
